
Microsoft Visual Studio Solution File, Format Version 12.00
# Visual Studio Version 16
VisualStudioVersion = 16.0.30717.126
MinimumVisualStudioVersion = 10.0.40219.1
Project("{FAE04EC0-301F-11D3-BF4B-00C04F79EFBC}") = "VirusEx", "VirusEx\VirusEx.csproj", "{FF4B5C32-3E34-4894-BCB4-22C6A15CA24C}"
EndProject
Global
	GlobalSection(SolutionConfigurationPlatforms) = preSolution
		Debug|Any CPU = Debug|Any CPU
		Release|Any CPU = Release|Any CPU
	EndGlobalSection
	GlobalSection(ProjectConfigurationPlatforms) = postSolution
		{FF4B5C32-3E34-4894-BCB4-22C6A15CA24C}.Debug|Any CPU.ActiveCfg = Debug|Any CPU
		{FF4B5C32-3E34-4894-BCB4-22C6A15CA24C}.Debug|Any CPU.Build.0 = Debug|Any CPU
		{FF4B5C32-3E34-4894-BCB4-22C6A15CA24C}.Release|Any CPU.ActiveCfg = Release|Any CPU
		{FF4B5C32-3E34-4894-BCB4-22C6A15CA24C}.Release|Any CPU.Build.0 = Release|Any CPU
	EndGlobalSection
	GlobalSection(SolutionProperties) = preSolution
		HideSolutionNode = FALSE
	EndGlobalSection
	GlobalSection(ExtensibilityGlobals) = postSolution
		SolutionGuid = {0642E82B-A906-4CE4-8089-0C29E6BE23CE}
	EndGlobalSection
EndGlobal
